// !$*UTF8*$!
{
	archiveVersion = 1;
	classes = {
	};
	objectVersion = 55;
	objects = {

/* Begin PBXBuildFile section */
		020D1EC128A9671700459F3F /* AuthenticationView.swift in Sources */ = {isa = PBXBuildFile; fileRef = 020D1EC028A9671700459F3F /* AuthenticationView.swift */; };
		020D1EC528A96E1B00459F3F /* Satisfy-Regular.ttf in Resources */ = {isa = PBXBuildFile; fileRef = 020D1EC428A96E1B00459F3F /* Satisfy-Regular.ttf */; };
		0224469128F67BD6001F2D74 /* LocationMapAnnotationView.swift in Sources */ = {isa = PBXBuildFile; fileRef = 0224469028F67BD6001F2D74 /* LocationMapAnnotationView.swift */; };
		0224469528F70FC2001F2D74 /* FirebaseStorageManager.swift in Sources */ = {isa = PBXBuildFile; fileRef = 0224469428F70FC2001F2D74 /* FirebaseStorageManager.swift */; };
		0224469828F712DD001F2D74 /* FirebaseAuth in Frameworks */ = {isa = PBXBuildFile; productRef = 0224469728F712DD001F2D74 /* FirebaseAuth */; };
		0224469A28F712DD001F2D74 /* FirebaseFirestore in Frameworks */ = {isa = PBXBuildFile; productRef = 0224469928F712DD001F2D74 /* FirebaseFirestore */; };
		0224469C28F712DD001F2D74 /* FirebaseStorage in Frameworks */ = {isa = PBXBuildFile; productRef = 0224469B28F712DD001F2D74 /* FirebaseStorage */; };
		0252264A28ACA444008410B7 /* GoogleService-Info.plist in Resources */ = {isa = PBXBuildFile; fileRef = 0252264928ACA444008410B7 /* GoogleService-Info.plist */; };
		0252265128AE6880008410B7 /* UserDefaultsManager.swift in Sources */ = {isa = PBXBuildFile; fileRef = 0252265028AE6880008410B7 /* UserDefaultsManager.swift */; };
		026772CD28F91ADF0009A31A /* DatabaseManager.swift in Sources */ = {isa = PBXBuildFile; fileRef = 026772CC28F91ADF0009A31A /* DatabaseManager.swift */; };
		027F30D9289A3D6D00172B7C /* LaunchScreen.storyboard in Resources */ = {isa = PBXBuildFile; fileRef = 027F30D8289A3D6D00172B7C /* LaunchScreen.storyboard */; };
		027F30DB289A405D00172B7C /* LaunchScreenView.swift in Sources */ = {isa = PBXBuildFile; fileRef = 027F30DA289A405D00172B7C /* LaunchScreenView.swift */; };
		02918C6228AA590D0045B041 /* SignUpView.swift in Sources */ = {isa = PBXBuildFile; fileRef = 02918C6128AA590D0045B041 /* SignUpView.swift */; };
		029697A728B15EAA00EEB2FE /* BusinessModel.swift in Sources */ = {isa = PBXBuildFile; fileRef = 029697A628B15EAA00EEB2FE /* BusinessModel.swift */; };
		02A0DB5428A3893300405DE4 /* LocationsView.swift in Sources */ = {isa = PBXBuildFile; fileRef = 02A0DB5328A3893200405DE4 /* LocationsView.swift */; };
		02A0DB5628A38A6600405DE4 /* LocationsViewModel.swift in Sources */ = {isa = PBXBuildFile; fileRef = 02A0DB5528A38A6600405DE4 /* LocationsViewModel.swift */; };
		02AF6D0F28F530D5002F4DE3 /* AdvertiserFormView.swift in Sources */ = {isa = PBXBuildFile; fileRef = 02AF6D0E28F530D5002F4DE3 /* AdvertiserFormView.swift */; };
		02B791982911769700775F29 /* LocalSearchManager.swift in Sources */ = {isa = PBXBuildFile; fileRef = 02B791972911769700775F29 /* LocalSearchManager.swift */; };
		02B7919A2911A57500775F29 /* LandmarkModel.swift in Sources */ = {isa = PBXBuildFile; fileRef = 02B791992911A57500775F29 /* LandmarkModel.swift */; };
		02B80FB728AB90AE00049044 /* AuthViewModel.swift in Sources */ = {isa = PBXBuildFile; fileRef = 02B80FB628AB90AE00049044 /* AuthViewModel.swift */; };
		02D3F36F289639C30007F0D1 /* VisitsApp.swift in Sources */ = {isa = PBXBuildFile; fileRef = 02D3F36E289639C30007F0D1 /* VisitsApp.swift */; };
		02D3F371289639C30007F0D1 /* ContentView.swift in Sources */ = {isa = PBXBuildFile; fileRef = 02D3F370289639C30007F0D1 /* ContentView.swift */; };
		02D3F373289639C60007F0D1 /* Assets.xcassets in Resources */ = {isa = PBXBuildFile; fileRef = 02D3F372289639C60007F0D1 /* Assets.xcassets */; };
		02D3F376289639C60007F0D1 /* Preview Assets.xcassets in Resources */ = {isa = PBXBuildFile; fileRef = 02D3F375289639C60007F0D1 /* Preview Assets.xcassets */; };
		02F5231228AA0E2900E895D3 /* LoginView.swift in Sources */ = {isa = PBXBuildFile; fileRef = 02F5231128AA0E2900E895D3 /* LoginView.swift */; };
		02F5231528AA101800E895D3 /* Constants.swift in Sources */ = {isa = PBXBuildFile; fileRef = 02F5231428AA101800E895D3 /* Constants.swift */; };
/* End PBXBuildFile section */

/* Begin PBXFileReference section */
		020D1EC028A9671700459F3F /* AuthenticationView.swift */ = {isa = PBXFileReference; lastKnownFileType = sourcecode.swift; path = AuthenticationView.swift; sourceTree = "<group>"; };
		020D1EC228A96D4700459F3F /* Info.plist */ = {isa = PBXFileReference; lastKnownFileType = text.plist; path = Info.plist; sourceTree = "<group>"; };
		020D1EC428A96E1B00459F3F /* Satisfy-Regular.ttf */ = {isa = PBXFileReference; lastKnownFileType = file; path = "Satisfy-Regular.ttf"; sourceTree = "<group>"; };
		0224469028F67BD6001F2D74 /* LocationMapAnnotationView.swift */ = {isa = PBXFileReference; lastKnownFileType = sourcecode.swift; path = LocationMapAnnotationView.swift; sourceTree = "<group>"; };
		0224469428F70FC2001F2D74 /* FirebaseStorageManager.swift */ = {isa = PBXFileReference; lastKnownFileType = sourcecode.swift; path = FirebaseStorageManager.swift; sourceTree = "<group>"; };
		0252264928ACA444008410B7 /* GoogleService-Info.plist */ = {isa = PBXFileReference; fileEncoding = 4; lastKnownFileType = text.plist.xml; path = "GoogleService-Info.plist"; sourceTree = "<group>"; };
		0252265028AE6880008410B7 /* UserDefaultsManager.swift */ = {isa = PBXFileReference; lastKnownFileType = sourcecode.swift; path = UserDefaultsManager.swift; sourceTree = "<group>"; };
		026772CC28F91ADF0009A31A /* DatabaseManager.swift */ = {isa = PBXFileReference; lastKnownFileType = sourcecode.swift; path = DatabaseManager.swift; sourceTree = "<group>"; };
		027F30D8289A3D6D00172B7C /* LaunchScreen.storyboard */ = {isa = PBXFileReference; lastKnownFileType = file.storyboard; path = LaunchScreen.storyboard; sourceTree = "<group>"; };
		027F30DA289A405D00172B7C /* LaunchScreenView.swift */ = {isa = PBXFileReference; lastKnownFileType = sourcecode.swift; path = LaunchScreenView.swift; sourceTree = "<group>"; };
		02918C6128AA590D0045B041 /* SignUpView.swift */ = {isa = PBXFileReference; lastKnownFileType = sourcecode.swift; path = SignUpView.swift; sourceTree = "<group>"; };
		029697A628B15EAA00EEB2FE /* BusinessModel.swift */ = {isa = PBXFileReference; lastKnownFileType = sourcecode.swift; path = BusinessModel.swift; sourceTree = "<group>"; };
		02A0DB5328A3893200405DE4 /* LocationsView.swift */ = {isa = PBXFileReference; lastKnownFileType = sourcecode.swift; path = LocationsView.swift; sourceTree = "<group>"; };
		02A0DB5528A38A6600405DE4 /* LocationsViewModel.swift */ = {isa = PBXFileReference; lastKnownFileType = sourcecode.swift; path = LocationsViewModel.swift; sourceTree = "<group>"; };
		02AF6D0E28F530D5002F4DE3 /* AdvertiserFormView.swift */ = {isa = PBXFileReference; lastKnownFileType = sourcecode.swift; path = AdvertiserFormView.swift; sourceTree = "<group>"; };
		02B791972911769700775F29 /* LocalSearchManager.swift */ = {isa = PBXFileReference; lastKnownFileType = sourcecode.swift; path = LocalSearchManager.swift; sourceTree = "<group>"; };
		02B791992911A57500775F29 /* LandmarkModel.swift */ = {isa = PBXFileReference; lastKnownFileType = sourcecode.swift; path = LandmarkModel.swift; sourceTree = "<group>"; };
		02B80FB628AB90AE00049044 /* AuthViewModel.swift */ = {isa = PBXFileReference; lastKnownFileType = sourcecode.swift; path = AuthViewModel.swift; sourceTree = "<group>"; };
		02D3F36B289639C30007F0D1 /* Visits.app */ = {isa = PBXFileReference; explicitFileType = wrapper.application; includeInIndex = 0; path = Visits.app; sourceTree = BUILT_PRODUCTS_DIR; };
		02D3F36E289639C30007F0D1 /* VisitsApp.swift */ = {isa = PBXFileReference; lastKnownFileType = sourcecode.swift; path = VisitsApp.swift; sourceTree = "<group>"; };
		02D3F370289639C30007F0D1 /* ContentView.swift */ = {isa = PBXFileReference; lastKnownFileType = sourcecode.swift; path = ContentView.swift; sourceTree = "<group>"; };
		02D3F372289639C60007F0D1 /* Assets.xcassets */ = {isa = PBXFileReference; lastKnownFileType = folder.assetcatalog; path = Assets.xcassets; sourceTree = "<group>"; };
		02D3F375289639C60007F0D1 /* Preview Assets.xcassets */ = {isa = PBXFileReference; lastKnownFileType = folder.assetcatalog; path = "Preview Assets.xcassets"; sourceTree = "<group>"; };
		02F5231128AA0E2900E895D3 /* LoginView.swift */ = {isa = PBXFileReference; lastKnownFileType = sourcecode.swift; path = LoginView.swift; sourceTree = "<group>"; };
		02F5231428AA101800E895D3 /* Constants.swift */ = {isa = PBXFileReference; lastKnownFileType = sourcecode.swift; path = Constants.swift; sourceTree = "<group>"; };
/* End PBXFileReference section */

/* Begin PBXFrameworksBuildPhase section */
		02D3F368289639C30007F0D1 /* Frameworks */ = {
			isa = PBXFrameworksBuildPhase;
			buildActionMask = 2147483647;
			files = (
				0224469828F712DD001F2D74 /* FirebaseAuth in Frameworks */,
				0224469A28F712DD001F2D74 /* FirebaseFirestore in Frameworks */,
				0224469C28F712DD001F2D74 /* FirebaseStorage in Frameworks */,
			);
			runOnlyForDeploymentPostprocessing = 0;
		};
/* End PBXFrameworksBuildPhase section */

/* Begin PBXGroup section */
		020D1EC328A96E0100459F3F /* Fonts */ = {
			isa = PBXGroup;
			children = (
				020D1EC428A96E1B00459F3F /* Satisfy-Regular.ttf */,
			);
			path = Fonts;
			sourceTree = "<group>";
		};
		0252264F28AE6857008410B7 /* Managers */ = {
			isa = PBXGroup;
			children = (
				0252265028AE6880008410B7 /* UserDefaultsManager.swift */,
				0224469428F70FC2001F2D74 /* FirebaseStorageManager.swift */,
				026772CC28F91ADF0009A31A /* DatabaseManager.swift */,
				02B791972911769700775F29 /* LocalSearchManager.swift */,
			);
			path = Managers;
			sourceTree = "<group>";
		};
		027F30D5289A34D900172B7C /* LaunchScreen */ = {
			isa = PBXGroup;
			children = (
				027F30D8289A3D6D00172B7C /* LaunchScreen.storyboard */,
				027F30DA289A405D00172B7C /* LaunchScreenView.swift */,
			);
			path = LaunchScreen;
			sourceTree = "<group>";
		};
		027F30DC289A817A00172B7C /* Views */ = {
			isa = PBXGroup;
			children = (
				02A0DB5328A3893200405DE4 /* LocationsView.swift */,
				0224469028F67BD6001F2D74 /* LocationMapAnnotationView.swift */,
				02F5231028AA0DFA00E895D3 /* AuthViews */,
			);
			path = Views;
			sourceTree = "<group>";
		};
		027F30DE289A819900172B7C /* ViewModels */ = {
			isa = PBXGroup;
			children = (
				02A0DB5528A38A6600405DE4 /* LocationsViewModel.swift */,
				02B80FB628AB90AE00049044 /* AuthViewModel.swift */,
			);
			path = ViewModels;
			sourceTree = "<group>";
		};
		027F30DF289A81AA00172B7C /* Models */ = {
			isa = PBXGroup;
			children = (
				029697A628B15EAA00EEB2FE /* BusinessModel.swift */,
				02B791992911A57500775F29 /* LandmarkModel.swift */,
			);
			path = Models;
			sourceTree = "<group>";
		};
		02AF6D0D28F53095002F4DE3 /* AdvertiserViews */ = {
			isa = PBXGroup;
			children = (
				02AF6D0E28F530D5002F4DE3 /* AdvertiserFormView.swift */,
			);
			path = AdvertiserViews;
			sourceTree = "<group>";
		};
		02D3F362289639C30007F0D1 = {
			isa = PBXGroup;
			children = (
				02D3F36D289639C30007F0D1 /* Visits */,
				02D3F36C289639C30007F0D1 /* Products */,
			);
			sourceTree = "<group>";
		};
		02D3F36C289639C30007F0D1 /* Products */ = {
			isa = PBXGroup;
			children = (
				02D3F36B289639C30007F0D1 /* Visits.app */,
			);
			name = Products;
			sourceTree = "<group>";
		};
		02D3F36D289639C30007F0D1 /* Visits */ = {
			isa = PBXGroup;
			children = (
				020D1EC328A96E0100459F3F /* Fonts */,
				020D1EC228A96D4700459F3F /* Info.plist */,
				0252264928ACA444008410B7 /* GoogleService-Info.plist */,
				02D3F36E289639C30007F0D1 /* VisitsApp.swift */,
				02D3F370289639C30007F0D1 /* ContentView.swift */,
				0252264F28AE6857008410B7 /* Managers */,
				027F30D5289A34D900172B7C /* LaunchScreen */,
				027F30DF289A81AA00172B7C /* Models */,
				027F30DC289A817A00172B7C /* Views */,
				027F30DE289A819900172B7C /* ViewModels */,
				02F5231328AA0FF600E895D3 /* Constants */,
				02D3F372289639C60007F0D1 /* Assets.xcassets */,
				02D3F374289639C60007F0D1 /* Preview Content */,
			);
			path = Visits;
			sourceTree = "<group>";
		};
		02D3F374289639C60007F0D1 /* Preview Content */ = {
			isa = PBXGroup;
			children = (
				02D3F375289639C60007F0D1 /* Preview Assets.xcassets */,
			);
			path = "Preview Content";
			sourceTree = "<group>";
		};
		02F5231028AA0DFA00E895D3 /* AuthViews */ = {
			isa = PBXGroup;
			children = (
				020D1EC028A9671700459F3F /* AuthenticationView.swift */,
				02F5231128AA0E2900E895D3 /* LoginView.swift */,
				02918C6128AA590D0045B041 /* SignUpView.swift */,
				02AF6D0D28F53095002F4DE3 /* AdvertiserViews */,
			);
			path = AuthViews;
			sourceTree = "<group>";
		};
		02F5231328AA0FF600E895D3 /* Constants */ = {
			isa = PBXGroup;
			children = (
				02F5231428AA101800E895D3 /* Constants.swift */,
			);
			path = Constants;
			sourceTree = "<group>";
		};
/* End PBXGroup section */

/* Begin PBXNativeTarget section */
		02D3F36A289639C30007F0D1 /* Visits */ = {
			isa = PBXNativeTarget;
			buildConfigurationList = 02D3F379289639C60007F0D1 /* Build configuration list for PBXNativeTarget "Visits" */;
			buildPhases = (
				02D3F367289639C30007F0D1 /* Sources */,
				02D3F368289639C30007F0D1 /* Frameworks */,
				02D3F369289639C30007F0D1 /* Resources */,
			);
			buildRules = (
			);
			dependencies = (
			);
			name = Visits;
			packageProductDependencies = (
				0224469728F712DD001F2D74 /* FirebaseAuth */,
				0224469928F712DD001F2D74 /* FirebaseFirestore */,
				0224469B28F712DD001F2D74 /* FirebaseStorage */,
			);
			productName = Visits;
			productReference = 02D3F36B289639C30007F0D1 /* Visits.app */;
			productType = "com.apple.product-type.application";
		};
/* End PBXNativeTarget section */

/* Begin PBXProject section */
		02D3F363289639C30007F0D1 /* Project object */ = {
			isa = PBXProject;
			attributes = {
				BuildIndependentTargetsInParallel = 1;
				LastSwiftUpdateCheck = 1340;
				LastUpgradeCheck = 1340;
				TargetAttributes = {
					02D3F36A289639C30007F0D1 = {
						CreatedOnToolsVersion = 13.4.1;
					};
				};
			};
			buildConfigurationList = 02D3F366289639C30007F0D1 /* Build configuration list for PBXProject "Visits" */;
			compatibilityVersion = "Xcode 13.0";
			developmentRegion = en;
			hasScannedForEncodings = 0;
			knownRegions = (
				en,
				Base,
			);
			mainGroup = 02D3F362289639C30007F0D1;
			packageReferences = (
				0224469628F712DD001F2D74 /* XCRemoteSwiftPackageReference "firebase-ios-sdk" */,
			);
			productRefGroup = 02D3F36C289639C30007F0D1 /* Products */;
			projectDirPath = "";
			projectRoot = "";
			targets = (
				02D3F36A289639C30007F0D1 /* Visits */,
			);
		};
/* End PBXProject section */

/* Begin PBXResourcesBuildPhase section */
		02D3F369289639C30007F0D1 /* Resources */ = {
			isa = PBXResourcesBuildPhase;
			buildActionMask = 2147483647;
			files = (
				027F30D9289A3D6D00172B7C /* LaunchScreen.storyboard in Resources */,
				020D1EC528A96E1B00459F3F /* Satisfy-Regular.ttf in Resources */,
				0252264A28ACA444008410B7 /* GoogleService-Info.plist in Resources */,
				02D3F376289639C60007F0D1 /* Preview Assets.xcassets in Resources */,
				02D3F373289639C60007F0D1 /* Assets.xcassets in Resources */,
			);
			runOnlyForDeploymentPostprocessing = 0;
		};
/* End PBXResourcesBuildPhase section */

/* Begin PBXSourcesBuildPhase section */
		02D3F367289639C30007F0D1 /* Sources */ = {
			isa = PBXSourcesBuildPhase;
			buildActionMask = 2147483647;
			files = (
				02B80FB728AB90AE00049044 /* AuthViewModel.swift in Sources */,
				029697A728B15EAA00EEB2FE /* BusinessModel.swift in Sources */,
				02D3F371289639C30007F0D1 /* ContentView.swift in Sources */,
				0252265128AE6880008410B7 /* UserDefaultsManager.swift in Sources */,
				026772CD28F91ADF0009A31A /* DatabaseManager.swift in Sources */,
				02F5231228AA0E2900E895D3 /* LoginView.swift in Sources */,
				02D3F36F289639C30007F0D1 /* VisitsApp.swift in Sources */,
				0224469128F67BD6001F2D74 /* LocationMapAnnotationView.swift in Sources */,
				020D1EC128A9671700459F3F /* AuthenticationView.swift in Sources */,
				0224469528F70FC2001F2D74 /* FirebaseStorageManager.swift in Sources */,
				02A0DB5628A38A6600405DE4 /* LocationsViewModel.swift in Sources */,
				02A0DB5428A3893300405DE4 /* LocationsView.swift in Sources */,
				02AF6D0F28F530D5002F4DE3 /* AdvertiserFormView.swift in Sources */,
				02B7919A2911A57500775F29 /* LandmarkModel.swift in Sources */,
				027F30DB289A405D00172B7C /* LaunchScreenView.swift in Sources */,
				02918C6228AA590D0045B041 /* SignUpView.swift in Sources */,
				02B791982911769700775F29 /* LocalSearchManager.swift in Sources */,
				02F5231528AA101800E895D3 /* Constants.swift in Sources */,
			);
			runOnlyForDeploymentPostprocessing = 0;
		};
/* End PBXSourcesBuildPhase section */

/* Begin XCBuildConfiguration section */
		02D3F377289639C60007F0D1 /* Debug */ = {
			isa = XCBuildConfiguration;
			buildSettings = {
				ALWAYS_SEARCH_USER_PATHS = NO;
				CLANG_ANALYZER_NONNULL = YES;
				CLANG_ANALYZER_NUMBER_OBJECT_CONVERSION = YES_AGGRESSIVE;
				CLANG_CXX_LANGUAGE_STANDARD = "gnu++17";
				CLANG_ENABLE_MODULES = YES;
				CLANG_ENABLE_OBJC_ARC = YES;
				CLANG_ENABLE_OBJC_WEAK = YES;
				CLANG_WARN_BLOCK_CAPTURE_AUTORELEASING = YES;
				CLANG_WARN_BOOL_CONVERSION = YES;
				CLANG_WARN_COMMA = YES;
				CLANG_WARN_CONSTANT_CONVERSION = YES;
				CLANG_WARN_DEPRECATED_OBJC_IMPLEMENTATIONS = YES;
				CLANG_WARN_DIRECT_OBJC_ISA_USAGE = YES_ERROR;
				CLANG_WARN_DOCUMENTATION_COMMENTS = YES;
				CLANG_WARN_EMPTY_BODY = YES;
				CLANG_WARN_ENUM_CONVERSION = YES;
				CLANG_WARN_INFINITE_RECURSION = YES;
				CLANG_WARN_INT_CONVERSION = YES;
				CLANG_WARN_NON_LITERAL_NULL_CONVERSION = YES;
				CLANG_WARN_OBJC_IMPLICIT_RETAIN_SELF = YES;
				CLANG_WARN_OBJC_LITERAL_CONVERSION = YES;
				CLANG_WARN_OBJC_ROOT_CLASS = YES_ERROR;
				CLANG_WARN_QUOTED_INCLUDE_IN_FRAMEWORK_HEADER = YES;
				CLANG_WARN_RANGE_LOOP_ANALYSIS = YES;
				CLANG_WARN_STRICT_PROTOTYPES = YES;
				CLANG_WARN_SUSPICIOUS_MOVE = YES;
				CLANG_WARN_UNGUARDED_AVAILABILITY = YES_AGGRESSIVE;
				CLANG_WARN_UNREACHABLE_CODE = YES;
				CLANG_WARN__DUPLICATE_METHOD_MATCH = YES;
				COPY_PHASE_STRIP = NO;
				DEBUG_INFORMATION_FORMAT = dwarf;
				ENABLE_STRICT_OBJC_MSGSEND = YES;
				ENABLE_TESTABILITY = YES;
				GCC_C_LANGUAGE_STANDARD = gnu11;
				GCC_DYNAMIC_NO_PIC = NO;
				GCC_NO_COMMON_BLOCKS = YES;
				GCC_OPTIMIZATION_LEVEL = 0;
				GCC_PREPROCESSOR_DEFINITIONS = (
					"DEBUG=1",
					"$(inherited)",
				);
				GCC_WARN_64_TO_32_BIT_CONVERSION = YES;
				GCC_WARN_ABOUT_RETURN_TYPE = YES_ERROR;
				GCC_WARN_UNDECLARED_SELECTOR = YES;
				GCC_WARN_UNINITIALIZED_AUTOS = YES_AGGRESSIVE;
				GCC_WARN_UNUSED_FUNCTION = YES;
				GCC_WARN_UNUSED_VARIABLE = YES;
				IPHONEOS_DEPLOYMENT_TARGET = 15.5;
				MTL_ENABLE_DEBUG_INFO = INCLUDE_SOURCE;
				MTL_FAST_MATH = YES;
				ONLY_ACTIVE_ARCH = YES;
				SDKROOT = iphoneos;
				SWIFT_ACTIVE_COMPILATION_CONDITIONS = DEBUG;
				SWIFT_OPTIMIZATION_LEVEL = "-Onone";
			};
			name = Debug;
		};
		02D3F378289639C60007F0D1 /* Release */ = {
			isa = XCBuildConfiguration;
			buildSettings = {
				ALWAYS_SEARCH_USER_PATHS = NO;
				CLANG_ANALYZER_NONNULL = YES;
				CLANG_ANALYZER_NUMBER_OBJECT_CONVERSION = YES_AGGRESSIVE;
				CLANG_CXX_LANGUAGE_STANDARD = "gnu++17";
				CLANG_ENABLE_MODULES = YES;
				CLANG_ENABLE_OBJC_ARC = YES;
				CLANG_ENABLE_OBJC_WEAK = YES;
				CLANG_WARN_BLOCK_CAPTURE_AUTORELEASING = YES;
				CLANG_WARN_BOOL_CONVERSION = YES;
				CLANG_WARN_COMMA = YES;
				CLANG_WARN_CONSTANT_CONVERSION = YES;
				CLANG_WARN_DEPRECATED_OBJC_IMPLEMENTATIONS = YES;
				CLANG_WARN_DIRECT_OBJC_ISA_USAGE = YES_ERROR;
				CLANG_WARN_DOCUMENTATION_COMMENTS = YES;
				CLANG_WARN_EMPTY_BODY = YES;
				CLANG_WARN_ENUM_CONVERSION = YES;
				CLANG_WARN_INFINITE_RECURSION = YES;
				CLANG_WARN_INT_CONVERSION = YES;
				CLANG_WARN_NON_LITERAL_NULL_CONVERSION = YES;
				CLANG_WARN_OBJC_IMPLICIT_RETAIN_SELF = YES;
				CLANG_WARN_OBJC_LITERAL_CONVERSION = YES;
				CLANG_WARN_OBJC_ROOT_CLASS = YES_ERROR;
				CLANG_WARN_QUOTED_INCLUDE_IN_FRAMEWORK_HEADER = YES;
				CLANG_WARN_RANGE_LOOP_ANALYSIS = YES;
				CLANG_WARN_STRICT_PROTOTYPES = YES;
				CLANG_WARN_SUSPICIOUS_MOVE = YES;
				CLANG_WARN_UNGUARDED_AVAILABILITY = YES_AGGRESSIVE;
				CLANG_WARN_UNREACHABLE_CODE = YES;
				CLANG_WARN__DUPLICATE_METHOD_MATCH = YES;
				COPY_PHASE_STRIP = NO;
				DEBUG_INFORMATION_FORMAT = "dwarf-with-dsym";
				ENABLE_NS_ASSERTIONS = NO;
				ENABLE_STRICT_OBJC_MSGSEND = YES;
				GCC_C_LANGUAGE_STANDARD = gnu11;
				GCC_NO_COMMON_BLOCKS = YES;
				GCC_WARN_64_TO_32_BIT_CONVERSION = YES;
				GCC_WARN_ABOUT_RETURN_TYPE = YES_ERROR;
				GCC_WARN_UNDECLARED_SELECTOR = YES;
				GCC_WARN_UNINITIALIZED_AUTOS = YES_AGGRESSIVE;
				GCC_WARN_UNUSED_FUNCTION = YES;
				GCC_WARN_UNUSED_VARIABLE = YES;
				IPHONEOS_DEPLOYMENT_TARGET = 15.5;
				MTL_ENABLE_DEBUG_INFO = NO;
				MTL_FAST_MATH = YES;
				SDKROOT = iphoneos;
				SWIFT_COMPILATION_MODE = wholemodule;
				SWIFT_OPTIMIZATION_LEVEL = "-O";
				VALIDATE_PRODUCT = YES;
			};
			name = Release;
		};
		02D3F37A289639C60007F0D1 /* Debug */ = {
			isa = XCBuildConfiguration;
			buildSettings = {
				ASSETCATALOG_COMPILER_APPICON_NAME = AppIcon;
				ASSETCATALOG_COMPILER_GLOBAL_ACCENT_COLOR_NAME = AccentColor;
				CODE_SIGN_STYLE = Automatic;
				CURRENT_PROJECT_VERSION = 1;
				DEVELOPMENT_ASSET_PATHS = "\"Visits/Preview Content\"";
				DEVELOPMENT_TEAM = 2P5TPA6QV8;
				ENABLE_PREVIEWS = YES;
				GENERATE_INFOPLIST_FILE = YES;
				INFOPLIST_FILE = Visits/Info.plist;
				INFOPLIST_KEY_NSLocationAlwaysAndWhenInUseUsageDescription = "Allow \"Visits\" to access your location? ";
				INFOPLIST_KEY_NSLocationWhenInUseUsageDescription = "Allow \"Visits\" to access your location? ";
				INFOPLIST_KEY_UIApplicationSceneManifest_Generation = YES;
				INFOPLIST_KEY_UIApplicationSupportsIndirectInputEvents = YES;
				INFOPLIST_KEY_UILaunchStoryboardName = LaunchScreen;
				INFOPLIST_KEY_UISupportedInterfaceOrientations_iPad = "UIInterfaceOrientationPortrait UIInterfaceOrientationPortraitUpsideDown UIInterfaceOrientationLandscapeLeft UIInterfaceOrientationLandscapeRight";
				INFOPLIST_KEY_UISupportedInterfaceOrientations_iPhone = "UIInterfaceOrientationPortrait UIInterfaceOrientationLandscapeLeft UIInterfaceOrientationLandscapeRight";
				LD_RUNPATH_SEARCH_PATHS = (
					"$(inherited)",
					"@executable_path/Frameworks",
				);
				MARKETING_VERSION = 1.0;
				PRODUCT_BUNDLE_IDENTIFIER = com.adarshShukla.Visits;
				PRODUCT_NAME = "$(TARGET_NAME)";
				SWIFT_EMIT_LOC_STRINGS = YES;
				SWIFT_VERSION = 5.0;
				TARGETED_DEVICE_FAMILY = 1;
			};
			name = Debug;
		};
		02D3F37B289639C60007F0D1 /* Release */ = {
			isa = XCBuildConfiguration;
			buildSettings = {
				ASSETCATALOG_COMPILER_APPICON_NAME = AppIcon;
				ASSETCATALOG_COMPILER_GLOBAL_ACCENT_COLOR_NAME = AccentColor;
				CODE_SIGN_STYLE = Automatic;
				CURRENT_PROJECT_VERSION = 1;
				DEVELOPMENT_ASSET_PATHS = "\"Visits/Preview Content\"";
				DEVELOPMENT_TEAM = 2P5TPA6QV8;
				ENABLE_PREVIEWS = YES;
				GENERATE_INFOPLIST_FILE = YES;
				INFOPLIST_FILE = Visits/Info.plist;
				INFOPLIST_KEY_NSLocationAlwaysAndWhenInUseUsageDescription = "Allow \"Visits\" to access your location? ";
				INFOPLIST_KEY_NSLocationWhenInUseUsageDescription = "Allow \"Visits\" to access your location? ";
				INFOPLIST_KEY_UIApplicationSceneManifest_Generation = YES;
				INFOPLIST_KEY_UIApplicationSupportsIndirectInputEvents = YES;
				INFOPLIST_KEY_UILaunchStoryboardName = LaunchScreen;
				INFOPLIST_KEY_UISupportedInterfaceOrientations_iPad = "UIInterfaceOrientationPortrait UIInterfaceOrientationPortraitUpsideDown UIInterfaceOrientationLandscapeLeft UIInterfaceOrientationLandscapeRight";
				INFOPLIST_KEY_UISupportedInterfaceOrientations_iPhone = "UIInterfaceOrientationPortrait UIInterfaceOrientationLandscapeLeft UIInterfaceOrientationLandscapeRight";
				LD_RUNPATH_SEARCH_PATHS = (
					"$(inherited)",
					"@executable_path/Frameworks",
				);
				MARKETING_VERSION = 1.0;
				PRODUCT_BUNDLE_IDENTIFIER = com.adarshShukla.Visits;
				PRODUCT_NAME = "$(TARGET_NAME)";
				SWIFT_EMIT_LOC_STRINGS = YES;
				SWIFT_VERSION = 5.0;
				TARGETED_DEVICE_FAMILY = 1;
			};
			name = Release;
		};
/* End XCBuildConfiguration section */

/* Begin XCConfigurationList section */
		02D3F366289639C30007F0D1 /* Build configuration list for PBXProject "Visits" */ = {
			isa = XCConfigurationList;
			buildConfigurations = (
				02D3F377289639C60007F0D1 /* Debug */,
				02D3F378289639C60007F0D1 /* Release */,
			);
			defaultConfigurationIsVisible = 0;
			defaultConfigurationName = Release;
		};
		02D3F379289639C60007F0D1 /* Build configuration list for PBXNativeTarget "Visits" */ = {
			isa = XCConfigurationList;
			buildConfigurations = (
				02D3F37A289639C60007F0D1 /* Debug */,
				02D3F37B289639C60007F0D1 /* Release */,
			);
			defaultConfigurationIsVisible = 0;
			defaultConfigurationName = Release;
		};
/* End XCConfigurationList section */

/* Begin XCRemoteSwiftPackageReference section */
		0224469628F712DD001F2D74 /* XCRemoteSwiftPackageReference "firebase-ios-sdk" */ = {
			isa = XCRemoteSwiftPackageReference;
			repositoryURL = "https://github.com/firebase/firebase-ios-sdk";
			requirement = {
				branch = master;
				kind = branch;
			};
		};
/* End XCRemoteSwiftPackageReference section */

/* Begin XCSwiftPackageProductDependency section */
		0224469728F712DD001F2D74 /* FirebaseAuth */ = {
			isa = XCSwiftPackageProductDependency;
			package = 0224469628F712DD001F2D74 /* XCRemoteSwiftPackageReference "firebase-ios-sdk" */;
			productName = FirebaseAuth;
		};
		0224469928F712DD001F2D74 /* FirebaseFirestore */ = {
			isa = XCSwiftPackageProductDependency;
			package = 0224469628F712DD001F2D74 /* XCRemoteSwiftPackageReference "firebase-ios-sdk" */;
			productName = FirebaseFirestore;
		};
		0224469B28F712DD001F2D74 /* FirebaseStorage */ = {
			isa = XCSwiftPackageProductDependency;
			package = 0224469628F712DD001F2D74 /* XCRemoteSwiftPackageReference "firebase-ios-sdk" */;
			productName = FirebaseStorage;
		};
/* End XCSwiftPackageProductDependency section */
	};
	rootObject = 02D3F363289639C30007F0D1 /* Project object */;
}
